PODS:
  - Alamofire (4.9.0)
  - IQKeyboardManagerSwift (6.4.1)
  - Kingfisher (5.7.1)

DEPENDENCIES:
  - Alamofire
  - IQKeyboardManagerSwift
  - Kingfisher (~> 5.0)

SPEC REPOS:
  https://github.com/cocoapods/specs.git:
    - Alamofire
    - IQKeyboardManagerSwift
    - Kingfisher

SPEC CHECKSUMS:
  Alamofire: afc3e7c6db61476cb45cdd23fed06bad03bbc321
  IQKeyboardManagerSwift: d2df660d0b8d64a15cb2537c9ff303213fa515b2
  Kingfisher: 176d377ad339113c99ad4980cbae687f807e20fe

PODFILE CHECKSUM: 81562f7855dafe1d94c1bfa33f8119c8d77628a5

COCOAPODS: 1.5.3
